{
  "object": {
    "pins": [
      {
        "package": "DeviceKit",
        "repositoryURL": "https://github.com/devicekit/DeviceKit",
        "state": {
          "branch": null,
          "revision": "d37e70cb2646666dcf276d7d3d4a9760a41ff8a6",
          "version": "4.9.0"
        }
      },
      {
        "package": "LoaderUI",
        "repositoryURL": "https://github.com/Mcrich23/LoaderUI",
        "state": {
          "branch": "master",
          "revision": "af1151c489c087da79f7bf25382ed4d680133b29",
          "version": null
        }
      },
      {
        "package": "StepperView",
        "repositoryURL": "https://github.com/badrinathvm/StepperView",
        "state": {
          "branch": "master",
          "revision": "42c1ebf5dd025b02802bdf9635b41349ff94b92e",
          "version": null
        }
      },
      {
        "package": "Introspect",
        "repositoryURL": "https://github.com/siteline/SwiftUI-Introspect",
        "state": {
          "branch": null,
          "revision": "f2616860a41f9d9932da412a8978fec79c06fe24",
          "version": "0.1.4"
        }
      },
      {
        "package": "SwiftUIBackports",
        "repositoryURL": "https://github.com/shaps80/SwiftUIBackports",
        "state": {
          "branch": null,
          "revision": "d9842f24656ff7c6116dc207b60f0b6d302a5a9a",
          "version": "1.9.0"
        }
      },
      {
        "package": "SwiftUIMap",
        "repositoryURL": "https://github.com/Mcrich23/SwiftUIMap",
        "state": {
          "branch": null,
          "revision": "43f935d67886aaa6e7c76c314928193a700d2aff",
          "version": "1.1.0"
        }
      },
      {
        "package": "SwiftUIX",
        "repositoryURL": "https://github.com/SwiftUIX/SwiftUIX",
        "state": {
          "branch": null,
          "revision": "889c781539cdd1e6a1111472c711082522aa35c6",
          "version": "0.1.2"
        }
      },
      {
        "package": "URLImage",
        "repositoryURL": "https://github.com/dmytro-anokhin/url-image",
        "state": {
          "branch": null,
          "revision": "4042f955f1fdff00ced85545e1eecdbf969b5cd0",
          "version": "3.1.1"
        }
      }
    ]
  },
  "version": 1
}
