{
  "object": {
    "pins": [
      {
        "package": "LoaderUI",
        "repositoryURL": "https://github.com/Mcrich23/LoaderUI",
        "state": {
          "branch": "master",
          "revision": "af1151c489c087da79f7bf25382ed4d680133b29",
          "version": null
        }
      },
      {
        "package": "MultiModal",
        "repositoryURL": "https://github.com/davdroman/MultiModal",
        "state": {
          "branch": null,
          "revision": "1f9f5331ed0b374e5f9273162c8782a1884dfaa5",
          "version": "2.1.0"
        }
      },
      {
        "package": "SourceKitten",
        "repositoryURL": "https://github.com/jpsim/SourceKitten.git",
        "state": {
          "branch": null,
          "revision": "817dfa6f2e09b0476f3a6c9dbc035991f02f0241",
          "version": "0.32.0"
        }
      },
      {
        "package": "swift-argument-parser",
        "repositoryURL": "https://github.com/apple/swift-argument-parser.git",
        "state": {
          "branch": null,
          "revision": "e394bf350e38cb100b6bc4172834770ede1b7232",
          "version": "1.0.3"
        }
      },
      {
        "package": "SwiftSyntax",
        "repositoryURL": "https://github.com/apple/swift-syntax.git",
        "state": {
          "branch": null,
          "revision": "0b6c22b97f8e9320bca62e82cdbee601cf37ad3f",
          "version": "0.50600.1"
        }
      },
      {
        "package": "SwiftLint",
        "repositoryURL": "https://github.com/realm/SwiftLint",
        "state": {
          "branch": null,
          "revision": "e5791ec16ccc1560840c46ed57122c888167d740",
          "version": "0.47.0"
        }
      },
      {
        "package": "Introspect",
        "repositoryURL": "https://github.com/siteline/SwiftUI-Introspect",
        "state": {
          "branch": null,
          "revision": "f2616860a41f9d9932da412a8978fec79c06fe24",
          "version": "0.1.4"
        }
      },
      {
        "package": "SwiftUIKit",
        "repositoryURL": "https://github.com/youjinp/SwiftUIKit",
        "state": {
          "branch": "master",
          "revision": "90c0ec689b3b415630a8a71748637588a097609d",
          "version": null
        }
      },
      {
        "package": "SwiftUIMap",
        "repositoryURL": "https://github.com/Mcrich23/SwiftUIMap",
        "state": {
          "branch": null,
          "revision": "43f935d67886aaa6e7c76c314928193a700d2aff",
          "version": "1.1.0"
        }
      },
      {
        "package": "SwiftUIX",
        "repositoryURL": "https://github.com/SwiftUIX/SwiftUIX",
        "state": {
          "branch": null,
          "revision": "889c781539cdd1e6a1111472c711082522aa35c6",
          "version": "0.1.2"
        }
      },
      {
        "package": "SwiftyTextTable",
        "repositoryURL": "https://github.com/scottrhoyt/SwiftyTextTable.git",
        "state": {
          "branch": null,
          "revision": "c6df6cf533d120716bff38f8ff9885e1ce2a4ac3",
          "version": "0.9.0"
        }
      },
      {
        "package": "SWXMLHash",
        "repositoryURL": "https://github.com/drmohundro/SWXMLHash.git",
        "state": {
          "branch": null,
          "revision": "6469881a3f30417c5bb02404ea4b69207f297592",
          "version": "6.0.0"
        }
      },
      {
        "package": "URLImage",
        "repositoryURL": "https://github.com/dmytro-anokhin/url-image",
        "state": {
          "branch": null,
          "revision": "4042f955f1fdff00ced85545e1eecdbf969b5cd0",
          "version": "3.1.1"
        }
      },
      {
        "package": "WKView",
        "repositoryURL": "https://github.com/rebeloper/WKView",
        "state": {
          "branch": "main",
          "revision": "16e1390b4ed59a82609462d85cd0670d5144f036",
          "version": null
        }
      },
      {
        "package": "Yams",
        "repositoryURL": "https://github.com/jpsim/Yams.git",
        "state": {
          "branch": null,
          "revision": "9ff1cc9327586db4e0c8f46f064b6a82ec1566fa",
          "version": "4.0.6"
        }
      }
    ]
  },
  "version": 1
}
